
Microsoft Visual Studio Solution File, Format Version 12.00
# Visual Studio Version 17
VisualStudioVersion = 17.13.35931.197
MinimumVisualStudioVersion = 10.0.40219.1
Project("{FAE04EC0-301F-11D3-BF4B-00C04F79EFBC}") = "CaseService.API", "CaseService.API\CaseService.API.csproj", "{8158F939-F4D1-4490-969A-E08EA7BCDCF3}"
EndProject
Project("{FAE04EC0-301F-11D3-BF4B-00C04F79EFBC}") = "ConsultantService", "ConsultantService\ConsultantService.csproj", "{F1B80FAE-C521-4AC7-A98F-36DF50947624}"
EndProject
Global
	GlobalSection(SolutionConfigurationPlatforms) = preSolution
		Debug|Any CPU = Debug|Any CPU
		Release|Any CPU = Release|Any CPU
	EndGlobalSection
	GlobalSection(ProjectConfigurationPlatforms) = postSolution
		{8158F939-F4D1-4490-969A-E08EA7BCDCF3}.Debug|Any CPU.ActiveCfg = Debug|Any CPU
		{8158F939-F4D1-4490-969A-E08EA7BCDCF3}.Debug|Any CPU.Build.0 = Debug|Any CPU
		{8158F939-F4D1-4490-969A-E08EA7BCDCF3}.Release|Any CPU.ActiveCfg = Release|Any CPU
		{8158F939-F4D1-4490-969A-E08EA7BCDCF3}.Release|Any CPU.Build.0 = Release|Any CPU
		{F1B80FAE-C521-4AC7-A98F-36DF50947624}.Debug|Any CPU.ActiveCfg = Debug|Any CPU
		{F1B80FAE-C521-4AC7-A98F-36DF50947624}.Debug|Any CPU.Build.0 = Debug|Any CPU
		{F1B80FAE-C521-4AC7-A98F-36DF50947624}.Release|Any CPU.ActiveCfg = Release|Any CPU
		{F1B80FAE-C521-4AC7-A98F-36DF50947624}.Release|Any CPU.Build.0 = Release|Any CPU
	EndGlobalSection
	GlobalSection(SolutionProperties) = preSolution
		HideSolutionNode = FALSE
	EndGlobalSection
	GlobalSection(ExtensibilityGlobals) = postSolution
		SolutionGuid = {D52C2FFB-1A2E-4E91-BD04-ADD21B8BE861}
	EndGlobalSection
EndGlobal
